Microsoft Visual Studio Solution File, Format Version 12.00
# Visual Studio 2012
Project("{FAE04EC0-301F-11D3-BF4B-00C04F79EFBC}") = "Zombie-game-buenardo", "Zombie-game-buenardo.csproj", "{C3A58A76-EC51-4FC1-95D1-F2201DEEDA79}"
EndProject
Global
	GlobalSection(SolutionConfigurationPlatforms) = preSolution
	Debug|Any CPU = Debug|Any CPU
	ExportDebug|Any CPU = ExportDebug|Any CPU
	ExportRelease|Any CPU = ExportRelease|Any CPU
	EndGlobalSection
	GlobalSection(ProjectConfigurationPlatforms) = postSolution
		{C3A58A76-EC51-4FC1-95D1-F2201DEEDA79}.Debug|Any CPU.ActiveCfg = Debug|Any CPU
		{C3A58A76-EC51-4FC1-95D1-F2201DEEDA79}.Debug|Any CPU.Build.0 = Debug|Any CPU
		{C3A58A76-EC51-4FC1-95D1-F2201DEEDA79}.ExportDebug|Any CPU.ActiveCfg = ExportDebug|Any CPU
		{C3A58A76-EC51-4FC1-95D1-F2201DEEDA79}.ExportDebug|Any CPU.Build.0 = ExportDebug|Any CPU
		{C3A58A76-EC51-4FC1-95D1-F2201DEEDA79}.ExportRelease|Any CPU.ActiveCfg = ExportRelease|Any CPU
		{C3A58A76-EC51-4FC1-95D1-F2201DEEDA79}.ExportRelease|Any CPU.Build.0 = ExportRelease|Any CPU
	EndGlobalSection
EndGlobal
